{
  "lockfileVersion": 1,
  "workspaces": {
    "": {
      "name": "cross-step",
      "dependencies": {
        "dashjs": "^5.0.3",
      },
      "devDependencies": {
        "@biomejs/biome": "^1.9.4",
        "@cubing/deploy": "^0.2.2",
        "@cubing/dev-config": "^0.3.5",
        "vite": "^6.3.5",
      },
    },
  },
  "packages": {
    "@biomejs/biome": ["@biomejs/biome@1.9.4", "", { "optionalDependencies": { "@biomejs/cli-darwin-arm64": "1.9.4", "@biomejs/cli-darwin-x64": "1.9.4", "@biomejs/cli-linux-arm64": "1.9.4", "@biomejs/cli-linux-arm64-musl": "1.9.4", "@biomejs/cli-linux-x64": "1.9.4", "@biomejs/cli-linux-x64-musl": "1.9.4", "@biomejs/cli-win32-arm64": "1.9.4", "@biomejs/cli-win32-x64": "1.9.4" }, "bin": { "biome": "bin/biome" } }, "sha512-1rkd7G70+o9KkTn5KLmDYXihGoTaIGO9PIIN2ZB7UJxFrWw04CZHPYiMRjYsaDvVV7hP1dYNRLxSANLaBFGpog=="],

    "@biomejs/cli-darwin-arm64": ["@biomejs/cli-darwin-arm64@1.9.4", "", { "os": "darwin", "cpu": "arm64" }, "sha512-bFBsPWrNvkdKrNCYeAp+xo2HecOGPAy9WyNyB/jKnnedgzl4W4Hb9ZMzYNbf8dMCGmUdSavlYHiR01QaYR58cw=="],

    "@biomejs/cli-darwin-x64": ["@biomejs/cli-darwin-x64@1.9.4", "", { "os": "darwin", "cpu": "x64" }, "sha512-ngYBh/+bEedqkSevPVhLP4QfVPCpb+4BBe2p7Xs32dBgs7rh9nY2AIYUL6BgLw1JVXV8GlpKmb/hNiuIxfPfZg=="],

    "@biomejs/cli-linux-arm64": ["@biomejs/cli-linux-arm64@1.9.4", "", { "os": "linux", "cpu": "arm64" }, "sha512-fJIW0+LYujdjUgJJuwesP4EjIBl/N/TcOX3IvIHJQNsAqvV2CHIogsmA94BPG6jZATS4Hi+xv4SkBBQSt1N4/g=="],

    "@biomejs/cli-linux-arm64-musl": ["@biomejs/cli-linux-arm64-musl@1.9.4", "", { "os": "linux", "cpu": "arm64" }, "sha512-v665Ct9WCRjGa8+kTr0CzApU0+XXtRgwmzIf1SeKSGAv+2scAlW6JR5PMFo6FzqqZ64Po79cKODKf3/AAmECqA=="],

    "@biomejs/cli-linux-x64": ["@biomejs/cli-linux-x64@1.9.4", "", { "os": "linux", "cpu": "x64" }, "sha512-lRCJv/Vi3Vlwmbd6K+oQ0KhLHMAysN8lXoCI7XeHlxaajk06u7G+UsFSO01NAs5iYuWKmVZjmiOzJ0OJmGsMwg=="],

    "@biomejs/cli-linux-x64-musl": ["@biomejs/cli-linux-x64-musl@1.9.4", "", { "os": "linux", "cpu": "x64" }, "sha512-gEhi/jSBhZ2m6wjV530Yy8+fNqG8PAinM3oV7CyO+6c3CEh16Eizm21uHVsyVBEB6RIM8JHIl6AGYCv6Q6Q9Tg=="],

    "@biomejs/cli-win32-arm64": ["@biomejs/cli-win32-arm64@1.9.4", "", { "os": "win32", "cpu": "arm64" }, "sha512-tlbhLk+WXZmgwoIKwHIHEBZUwxml7bRJgk0X2sPyNR3S93cdRq6XulAZRQJ17FYGGzWne0fgrXBKpl7l4M87Hg=="],

    "@biomejs/cli-win32-x64": ["@biomejs/cli-win32-x64@1.9.4", "", { "os": "win32", "cpu": "x64" }, "sha512-8Y5wMhVIPaWe6jw2H+KlEm4wP/f7EW3810ZLmDlrEEy5KvBsb9ECEfu/kMWD484ijfQ8+nIi0giMgu9g1UAuuA=="],

    "@cubing/deploy": ["@cubing/deploy@0.2.2", "", { "dependencies": { "printable-shell-command": "0.1.0-pre3", "typescript": "^5.8.3" }, "bin": { "deploy": "dist/lib/@cubing/deploy/main.js" } }, "sha512-+AWXz2fRpDkX//CF0VmfisrpbQwI/yX/j1rmGH3xi9qDucDyfgXfcnVxuTQTY1vehfMYCRGb5X/+V5SI4Jn4wA=="],

    "@cubing/dev-config": ["@cubing/dev-config@0.3.5", "", { "dependencies": { "esbuild": "^0.25.3" } }, "sha512-qxtQ4M2bFFj/iVKhYRWnRp90be+hjYcLeFwvxFlS4EsoPdslF+3sN2DiC1j11qwOkOCFvoaHJL4QmrriQDPkjA=="],

    "@esbuild/aix-ppc64": ["@esbuild/aix-ppc64@0.25.5", "", { "os": "aix", "cpu": "ppc64" }, "sha512-9o3TMmpmftaCMepOdA5k/yDw8SfInyzWWTjYTFCX3kPSDJMROQTb8jg+h9Cnwnmm1vOzvxN7gIfB5V2ewpjtGA=="],

    "@esbuild/android-arm": ["@esbuild/android-arm@0.25.5", "", { "os": "android", "cpu": "arm" }, "sha512-AdJKSPeEHgi7/ZhuIPtcQKr5RQdo6OO2IL87JkianiMYMPbCtot9fxPbrMiBADOWWm3T2si9stAiVsGbTQFkbA=="],

    "@esbuild/android-arm64": ["@esbuild/android-arm64@0.25.5", "", { "os": "android", "cpu": "arm64" }, "sha512-VGzGhj4lJO+TVGV1v8ntCZWJktV7SGCs3Pn1GRWI1SBFtRALoomm8k5E9Pmwg3HOAal2VDc2F9+PM/rEY6oIDg=="],

    "@esbuild/android-x64": ["@esbuild/android-x64@0.25.5", "", { "os": "android", "cpu": "x64" }, "sha512-D2GyJT1kjvO//drbRT3Hib9XPwQeWd9vZoBJn+bu/lVsOZ13cqNdDeqIF/xQ5/VmWvMduP6AmXvylO/PIc2isw=="],

    "@esbuild/darwin-arm64": ["@esbuild/darwin-arm64@0.25.5", "", { "os": "darwin", "cpu": "arm64" }, "sha512-GtaBgammVvdF7aPIgH2jxMDdivezgFu6iKpmT+48+F8Hhg5J/sfnDieg0aeG/jfSvkYQU2/pceFPDKlqZzwnfQ=="],

    "@esbuild/darwin-x64": ["@esbuild/darwin-x64@0.25.5", "", { "os": "darwin", "cpu": "x64" }, "sha512-1iT4FVL0dJ76/q1wd7XDsXrSW+oLoquptvh4CLR4kITDtqi2e/xwXwdCVH8hVHU43wgJdsq7Gxuzcs6Iq/7bxQ=="],

    "@esbuild/freebsd-arm64": ["@esbuild/freebsd-arm64@0.25.5", "", { "os": "freebsd", "cpu": "arm64" }, "sha512-nk4tGP3JThz4La38Uy/gzyXtpkPW8zSAmoUhK9xKKXdBCzKODMc2adkB2+8om9BDYugz+uGV7sLmpTYzvmz6Sw=="],

    "@esbuild/freebsd-x64": ["@esbuild/freebsd-x64@0.25.5", "", { "os": "freebsd", "cpu": "x64" }, "sha512-PrikaNjiXdR2laW6OIjlbeuCPrPaAl0IwPIaRv+SMV8CiM8i2LqVUHFC1+8eORgWyY7yhQY+2U2fA55mBzReaw=="],

    "@esbuild/linux-arm": ["@esbuild/linux-arm@0.25.5", "", { "os": "linux", "cpu": "arm" }, "sha512-cPzojwW2okgh7ZlRpcBEtsX7WBuqbLrNXqLU89GxWbNt6uIg78ET82qifUy3W6OVww6ZWobWub5oqZOVtwolfw=="],

    "@esbuild/linux-arm64": ["@esbuild/linux-arm64@0.25.5", "", { "os": "linux", "cpu": "arm64" }, "sha512-Z9kfb1v6ZlGbWj8EJk9T6czVEjjq2ntSYLY2cw6pAZl4oKtfgQuS4HOq41M/BcoLPzrUbNd+R4BXFyH//nHxVg=="],

    "@esbuild/linux-ia32": ["@esbuild/linux-ia32@0.25.5", "", { "os": "linux", "cpu": "ia32" }, "sha512-sQ7l00M8bSv36GLV95BVAdhJ2QsIbCuCjh/uYrWiMQSUuV+LpXwIqhgJDcvMTj+VsQmqAHL2yYaasENvJ7CDKA=="],

    "@esbuild/linux-loong64": ["@esbuild/linux-loong64@0.25.5", "", { "os": "linux", "cpu": "none" }, "sha512-0ur7ae16hDUC4OL5iEnDb0tZHDxYmuQyhKhsPBV8f99f6Z9KQM02g33f93rNH5A30agMS46u2HP6qTdEt6Q1kg=="],

    "@esbuild/linux-mips64el": ["@esbuild/linux-mips64el@0.25.5", "", { "os": "linux", "cpu": "none" }, "sha512-kB/66P1OsHO5zLz0i6X0RxlQ+3cu0mkxS3TKFvkb5lin6uwZ/ttOkP3Z8lfR9mJOBk14ZwZ9182SIIWFGNmqmg=="],

    "@esbuild/linux-ppc64": ["@esbuild/linux-ppc64@0.25.5", "", { "os": "linux", "cpu": "ppc64" }, "sha512-UZCmJ7r9X2fe2D6jBmkLBMQetXPXIsZjQJCjgwpVDz+YMcS6oFR27alkgGv3Oqkv07bxdvw7fyB71/olceJhkQ=="],

    "@esbuild/linux-riscv64": ["@esbuild/linux-riscv64@0.25.5", "", { "os": "linux", "cpu": "none" }, "sha512-kTxwu4mLyeOlsVIFPfQo+fQJAV9mh24xL+y+Bm6ej067sYANjyEw1dNHmvoqxJUCMnkBdKpvOn0Ahql6+4VyeA=="],

    "@esbuild/linux-s390x": ["@esbuild/linux-s390x@0.25.5", "", { "os": "linux", "cpu": "s390x" }, "sha512-K2dSKTKfmdh78uJ3NcWFiqyRrimfdinS5ErLSn3vluHNeHVnBAFWC8a4X5N+7FgVE1EjXS1QDZbpqZBjfrqMTQ=="],

    "@esbuild/linux-x64": ["@esbuild/linux-x64@0.25.5", "", { "os": "linux", "cpu": "x64" }, "sha512-uhj8N2obKTE6pSZ+aMUbqq+1nXxNjZIIjCjGLfsWvVpy7gKCOL6rsY1MhRh9zLtUtAI7vpgLMK6DxjO8Qm9lJw=="],

    "@esbuild/netbsd-arm64": ["@esbuild/netbsd-arm64@0.25.5", "", { "os": "none", "cpu": "arm64" }, "sha512-pwHtMP9viAy1oHPvgxtOv+OkduK5ugofNTVDilIzBLpoWAM16r7b/mxBvfpuQDpRQFMfuVr5aLcn4yveGvBZvw=="],

    "@esbuild/netbsd-x64": ["@esbuild/netbsd-x64@0.25.5", "", { "os": "none", "cpu": "x64" }, "sha512-WOb5fKrvVTRMfWFNCroYWWklbnXH0Q5rZppjq0vQIdlsQKuw6mdSihwSo4RV/YdQ5UCKKvBy7/0ZZYLBZKIbwQ=="],

    "@esbuild/openbsd-arm64": ["@esbuild/openbsd-arm64@0.25.5", "", { "os": "openbsd", "cpu": "arm64" }, "sha512-7A208+uQKgTxHd0G0uqZO8UjK2R0DDb4fDmERtARjSHWxqMTye4Erz4zZafx7Di9Cv+lNHYuncAkiGFySoD+Mw=="],

    "@esbuild/openbsd-x64": ["@esbuild/openbsd-x64@0.25.5", "", { "os": "openbsd", "cpu": "x64" }, "sha512-G4hE405ErTWraiZ8UiSoesH8DaCsMm0Cay4fsFWOOUcz8b8rC6uCvnagr+gnioEjWn0wC+o1/TAHt+It+MpIMg=="],

    "@esbuild/sunos-x64": ["@esbuild/sunos-x64@0.25.5", "", { "os": "sunos", "cpu": "x64" }, "sha512-l+azKShMy7FxzY0Rj4RCt5VD/q8mG/e+mDivgspo+yL8zW7qEwctQ6YqKX34DTEleFAvCIUviCFX1SDZRSyMQA=="],

    "@esbuild/win32-arm64": ["@esbuild/win32-arm64@0.25.5", "", { "os": "win32", "cpu": "arm64" }, "sha512-O2S7SNZzdcFG7eFKgvwUEZ2VG9D/sn/eIiz8XRZ1Q/DO5a3s76Xv0mdBzVM5j5R639lXQmPmSo0iRpHqUUrsxw=="],

    "@esbuild/win32-ia32": ["@esbuild/win32-ia32@0.25.5", "", { "os": "win32", "cpu": "ia32" }, "sha512-onOJ02pqs9h1iMJ1PQphR+VZv8qBMQ77Klcsqv9CNW2w6yLqoURLcgERAIurY6QE63bbLuqgP9ATqajFLK5AMQ=="],

    "@esbuild/win32-x64": ["@esbuild/win32-x64@0.25.5", "", { "os": "win32", "cpu": "x64" }, "sha512-TXv6YnJ8ZMVdX+SXWVBo/0p8LTcrUYngpWjvm91TMjjBQii7Oz11Lw5lbDV5Y0TzuhSJHwiH4hEtC1I42mMS0g=="],

    "@rollup/rollup-android-arm-eabi": ["@rollup/rollup-android-arm-eabi@4.41.1", "", { "os": "android", "cpu": "arm" }, "sha512-NELNvyEWZ6R9QMkiytB4/L4zSEaBC03KIXEghptLGLZWJ6VPrL63ooZQCOnlx36aQPGhzuOMwDerC1Eb2VmrLw=="],

    "@rollup/rollup-android-arm64": ["@rollup/rollup-android-arm64@4.41.1", "", { "os": "android", "cpu": "arm64" }, "sha512-DXdQe1BJ6TK47ukAoZLehRHhfKnKg9BjnQYUu9gzhI8Mwa1d2fzxA1aw2JixHVl403bwp1+/o/NhhHtxWJBgEA=="],

    "@rollup/rollup-darwin-arm64": ["@rollup/rollup-darwin-arm64@4.41.1", "", { "os": "darwin", "cpu": "arm64" }, "sha512-5afxvwszzdulsU2w8JKWwY8/sJOLPzf0e1bFuvcW5h9zsEg+RQAojdW0ux2zyYAz7R8HvvzKCjLNJhVq965U7w=="],

    "@rollup/rollup-darwin-x64": ["@rollup/rollup-darwin-x64@4.41.1", "", { "os": "darwin", "cpu": "x64" }, "sha512-egpJACny8QOdHNNMZKf8xY0Is6gIMz+tuqXlusxquWu3F833DcMwmGM7WlvCO9sB3OsPjdC4U0wHw5FabzCGZg=="],

    "@rollup/rollup-freebsd-arm64": ["@rollup/rollup-freebsd-arm64@4.41.1", "", { "os": "freebsd", "cpu": "arm64" }, "sha512-DBVMZH5vbjgRk3r0OzgjS38z+atlupJ7xfKIDJdZZL6sM6wjfDNo64aowcLPKIx7LMQi8vybB56uh1Ftck/Atg=="],

    "@rollup/rollup-freebsd-x64": ["@rollup/rollup-freebsd-x64@4.41.1", "", { "os": "freebsd", "cpu": "x64" }, "sha512-3FkydeohozEskBxNWEIbPfOE0aqQgB6ttTkJ159uWOFn42VLyfAiyD9UK5mhu+ItWzft60DycIN1Xdgiy8o/SA=="],

    "@rollup/rollup-linux-arm-gnueabihf": ["@rollup/rollup-linux-arm-gnueabihf@4.41.1", "", { "os": "linux", "cpu": "arm" }, "sha512-wC53ZNDgt0pqx5xCAgNunkTzFE8GTgdZ9EwYGVcg+jEjJdZGtq9xPjDnFgfFozQI/Xm1mh+D9YlYtl+ueswNEg=="],

    "@rollup/rollup-linux-arm-musleabihf": ["@rollup/rollup-linux-arm-musleabihf@4.41.1", "", { "os": "linux", "cpu": "arm" }, "sha512-jwKCca1gbZkZLhLRtsrka5N8sFAaxrGz/7wRJ8Wwvq3jug7toO21vWlViihG85ei7uJTpzbXZRcORotE+xyrLA=="],

    "@rollup/rollup-linux-arm64-gnu": ["@rollup/rollup-linux-arm64-gnu@4.41.1", "", { "os": "linux", "cpu": "arm64" }, "sha512-g0UBcNknsmmNQ8V2d/zD2P7WWfJKU0F1nu0k5pW4rvdb+BIqMm8ToluW/eeRmxCared5dD76lS04uL4UaNgpNA=="],

    "@rollup/rollup-linux-arm64-musl": ["@rollup/rollup-linux-arm64-musl@4.41.1", "", { "os": "linux", "cpu": "arm64" }, "sha512-XZpeGB5TKEZWzIrj7sXr+BEaSgo/ma/kCgrZgL0oo5qdB1JlTzIYQKel/RmhT6vMAvOdM2teYlAaOGJpJ9lahg=="],

    "@rollup/rollup-linux-loongarch64-gnu": ["@rollup/rollup-linux-loongarch64-gnu@4.41.1", "", { "os": "linux", "cpu": "none" }, "sha512-bkCfDJ4qzWfFRCNt5RVV4DOw6KEgFTUZi2r2RuYhGWC8WhCA8lCAJhDeAmrM/fdiAH54m0mA0Vk2FGRPyzI+tw=="],

    "@rollup/rollup-linux-powerpc64le-gnu": ["@rollup/rollup-linux-powerpc64le-gnu@4.41.1", "", { "os": "linux", "cpu": "ppc64" }, "sha512-3mr3Xm+gvMX+/8EKogIZSIEF0WUu0HL9di+YWlJpO8CQBnoLAEL/roTCxuLncEdgcfJcvA4UMOf+2dnjl4Ut1A=="],

    "@rollup/rollup-linux-riscv64-gnu": ["@rollup/rollup-linux-riscv64-gnu@4.41.1", "", { "os": "linux", "cpu": "none" }, "sha512-3rwCIh6MQ1LGrvKJitQjZFuQnT2wxfU+ivhNBzmxXTXPllewOF7JR1s2vMX/tWtUYFgphygxjqMl76q4aMotGw=="],

    "@rollup/rollup-linux-riscv64-musl": ["@rollup/rollup-linux-riscv64-musl@4.41.1", "", { "os": "linux", "cpu": "none" }, "sha512-LdIUOb3gvfmpkgFZuccNa2uYiqtgZAz3PTzjuM5bH3nvuy9ty6RGc/Q0+HDFrHrizJGVpjnTZ1yS5TNNjFlklw=="],

    "@rollup/rollup-linux-s390x-gnu": ["@rollup/rollup-linux-s390x-gnu@4.41.1", "", { "os": "linux", "cpu": "s390x" }, "sha512-oIE6M8WC9ma6xYqjvPhzZYk6NbobIURvP/lEbh7FWplcMO6gn7MM2yHKA1eC/GvYwzNKK/1LYgqzdkZ8YFxR8g=="],

    "@rollup/rollup-linux-x64-gnu": ["@rollup/rollup-linux-x64-gnu@4.41.1", "", { "os": "linux", "cpu": "x64" }, "sha512-cWBOvayNvA+SyeQMp79BHPK8ws6sHSsYnK5zDcsC3Hsxr1dgTABKjMnMslPq1DvZIp6uO7kIWhiGwaTdR4Og9A=="],

    "@rollup/rollup-linux-x64-musl": ["@rollup/rollup-linux-x64-musl@4.41.1", "", { "os": "linux", "cpu": "x64" }, "sha512-y5CbN44M+pUCdGDlZFzGGBSKCA4A/J2ZH4edTYSSxFg7ce1Xt3GtydbVKWLlzL+INfFIZAEg1ZV6hh9+QQf9YQ=="],

    "@rollup/rollup-win32-arm64-msvc": ["@rollup/rollup-win32-arm64-msvc@4.41.1", "", { "os": "win32", "cpu": "arm64" }, "sha512-lZkCxIrjlJlMt1dLO/FbpZbzt6J/A8p4DnqzSa4PWqPEUUUnzXLeki/iyPLfV0BmHItlYgHUqJe+3KiyydmiNQ=="],

    "@rollup/rollup-win32-ia32-msvc": ["@rollup/rollup-win32-ia32-msvc@4.41.1", "", { "os": "win32", "cpu": "ia32" }, "sha512-+psFT9+pIh2iuGsxFYYa/LhS5MFKmuivRsx9iPJWNSGbh2XVEjk90fmpUEjCnILPEPJnikAU6SFDiEUyOv90Pg=="],

    "@rollup/rollup-win32-x64-msvc": ["@rollup/rollup-win32-x64-msvc@4.41.1", "", { "os": "win32", "cpu": "x64" }, "sha512-Wq2zpapRYLfi4aKxf2Xff0tN+7slj2d4R87WEzqw7ZLsVvO5zwYCIuEGSZYiK41+GlwUo1HiR+GdkLEJnCKTCw=="],

    "@svta/common-media-library": ["@svta/common-media-library@0.12.4", "", {}, "sha512-9EuOoaNmz7JrfGwjsrD9SxF9otU5TNMnbLu1yU4BeLK0W5cDxVXXR58Z89q9u2AnHjIctscjMTYdlqQ1gojTuw=="],

    "@types/bun": ["@types/bun@1.2.15", "", { "dependencies": { "bun-types": "1.2.15" } }, "sha512-U1ljPdBEphF0nw1MIk0hI7kPg7dFdPyM7EenHsp6W5loNHl7zqy6JQf/RKCgnUn2KDzUpkBwHPnEJEjII594bA=="],

    "@types/estree": ["@types/estree@1.0.7", "", {}, "sha512-w28IoSUCJpidD/TGviZwwMJckNESJZXFu7NBZ5YJ4mEUnNraUn9Pm8HSZm/jDF1pDWYKspWE7oVphigUPRakIQ=="],

    "@types/node": ["@types/node@22.15.31", "", { "dependencies": { "undici-types": "~6.21.0" } }, "sha512-jnVe5ULKl6tijxUhvQeNbQG/84fHfg+yMak02cT8QVhBx/F05rAVxCGBYYTh2EKz22D6JF5ktXuNwdx7b9iEGw=="],

    "bcp-47": ["bcp-47@2.1.0", "", { "dependencies": { "is-alphabetical": "^2.0.0", "is-alphanumerical": "^2.0.0", "is-decimal": "^2.0.0" } }, "sha512-9IIS3UPrvIa1Ej+lVDdDwO7zLehjqsaByECw0bu2RRGP73jALm6FYbzI5gWbgHLvNdkvfXB5YrSbocZdOS0c0w=="],

    "bcp-47-match": ["bcp-47-match@2.0.3", "", {}, "sha512-JtTezzbAibu8G0R9op9zb3vcWZd9JF6M0xOYGPn0fNCd7wOpRB1mU2mH9T8gaBGbAAyIIVgB2G7xG0GP98zMAQ=="],

    "bcp-47-normalize": ["bcp-47-normalize@2.3.0", "", { "dependencies": { "bcp-47": "^2.0.0", "bcp-47-match": "^2.0.0" } }, "sha512-8I/wfzqQvttUFz7HVJgIZ7+dj3vUaIyIxYXaTRP1YWoSDfzt6TUmxaKZeuXR62qBmYr+nvuWINFRl6pZ5DlN4Q=="],

    "bun-types": ["bun-types@1.2.15", "", { "dependencies": { "@types/node": "*" } }, "sha512-NarRIaS+iOaQU1JPfyKhZm4AsUOrwUOqRNHY0XxI8GI8jYxiLXLcdjYMG9UKS+fwWasc1uw1htV9AX24dD+p4w=="],

    "codem-isoboxer": ["codem-isoboxer@0.3.10", "", {}, "sha512-eNk3TRV+xQMJ1PEj0FQGY8KD4m0GPxT487XJ+Iftm7mVa9WpPFDMWqPt+46buiP5j5Wzqe5oMIhqBcAeKfygSA=="],

    "dashjs": ["dashjs@5.0.3", "", { "dependencies": { "@svta/common-media-library": "^0.12.4", "bcp-47-match": "^2.0.3", "bcp-47-normalize": "^2.3.0", "codem-isoboxer": "0.3.10", "fast-deep-equal": "3.1.3", "html-entities": "^2.5.2", "imsc": "^1.1.5", "localforage": "^1.10.0", "path-browserify": "^1.0.1", "ua-parser-js": "^1.0.37" } }, "sha512-TXndNnCUjFjF2nYBxDVba+hWRpVkadkQ8flLp7kHkem+5+wZTfRShJCnVkPUosmjS0YPE9fVNLbYPJxHBeQZvA=="],

    "esbuild": ["esbuild@0.25.5", "", { "optionalDependencies": { "@esbuild/aix-ppc64": "0.25.5", "@esbuild/android-arm": "0.25.5", "@esbuild/android-arm64": "0.25.5", "@esbuild/android-x64": "0.25.5", "@esbuild/darwin-arm64": "0.25.5", "@esbuild/darwin-x64": "0.25.5", "@esbuild/freebsd-arm64": "0.25.5", "@esbuild/freebsd-x64": "0.25.5", "@esbuild/linux-arm": "0.25.5", "@esbuild/linux-arm64": "0.25.5", "@esbuild/linux-ia32": "0.25.5", "@esbuild/linux-loong64": "0.25.5", "@esbuild/linux-mips64el": "0.25.5", "@esbuild/linux-ppc64": "0.25.5", "@esbuild/linux-riscv64": "0.25.5", "@esbuild/linux-s390x": "0.25.5", "@esbuild/linux-x64": "0.25.5", "@esbuild/netbsd-arm64": "0.25.5", "@esbuild/netbsd-x64": "0.25.5", "@esbuild/openbsd-arm64": "0.25.5", "@esbuild/openbsd-x64": "0.25.5", "@esbuild/sunos-x64": "0.25.5", "@esbuild/win32-arm64": "0.25.5", "@esbuild/win32-ia32": "0.25.5", "@esbuild/win32-x64": "0.25.5" }, "bin": { "esbuild": "bin/esbuild" } }, "sha512-P8OtKZRv/5J5hhz0cUAdu/cLuPIKXpQl1R9pZtvmHWQvrAUVd0UNIPT4IB4W3rNOqVO0rlqHmCIbSwxh/c9yUQ=="],

    "fast-deep-equal": ["fast-deep-equal@3.1.3", "", {}, "sha512-f3qQ9oQy9j2AhBe/H9VC91wLmKBCCU/gDOnKNAYG5hswO7BLKj09Hc5HYNz9cGI++xlpDCIgDaitVs03ATR84Q=="],

    "fdir": ["fdir@6.4.5", "", { "peerDependencies": { "picomatch": "^3 || ^4" }, "optionalPeers": ["picomatch"] }, "sha512-4BG7puHpVsIYxZUbiUE3RqGloLaSSwzYie5jvasC4LWuBWzZawynvYouhjbQKw2JuIGYdm0DzIxl8iVidKlUEw=="],

    "fsevents": ["fsevents@2.3.3", "", { "os": "darwin" }, "sha512-5xoDfX+fL7faATnagmWPpbFtwh/R77WmMMqqHGS65C3vvB0YHrgF+B1YmZ3441tMj5n63k0212XNoJwzlhffQw=="],

    "html-entities": ["html-entities@2.6.0", "", {}, "sha512-kig+rMn/QOVRvr7c86gQ8lWXq+Hkv6CbAH1hLu+RG338StTpE8Z0b44SDVaqVu7HGKf27frdmUYEs9hTUX/cLQ=="],

    "immediate": ["immediate@3.0.6", "", {}, "sha512-XXOFtyqDjNDAQxVfYxuF7g9Il/IbWmmlQg2MYKOH8ExIT1qg6xc4zyS3HaEEATgs1btfzxq15ciUiY7gjSXRGQ=="],

    "imsc": ["imsc@1.1.5", "", { "dependencies": { "sax": "1.2.1" } }, "sha512-V8je+CGkcvGhgl2C1GlhqFFiUOIEdwXbXLiu1Fcubvvbo+g9inauqT3l0pNYXGoLPBj3jxtZz9t+wCopMkwadQ=="],

    "is-alphabetical": ["is-alphabetical@2.0.1", "", {}, "sha512-FWyyY60MeTNyeSRpkM2Iry0G9hpr7/9kD40mD/cGQEuilcZYS4okz8SN2Q6rLCJ8gbCt6fN+rC+6tMGS99LaxQ=="],

    "is-alphanumerical": ["is-alphanumerical@2.0.1", "", { "dependencies": { "is-alphabetical": "^2.0.0", "is-decimal": "^2.0.0" } }, "sha512-hmbYhX/9MUMF5uh7tOXyK/n0ZvWpad5caBA17GsC6vyuCqaWliRG5K1qS9inmUhEMaOBIW7/whAnSwveW/LtZw=="],

    "is-decimal": ["is-decimal@2.0.1", "", {}, "sha512-AAB9hiomQs5DXWcRB1rqsxGUstbRroFOPPVAomNk/3XHR5JyEZChOyTWe2oayKnsSsr/kcGqF+z6yuH6HHpN0A=="],

    "lie": ["lie@3.1.1", "", { "dependencies": { "immediate": "~3.0.5" } }, "sha512-RiNhHysUjhrDQntfYSfY4MU24coXXdEOgw9WGcKHNeEwffDYbF//u87M1EWaMGzuFoSbqW0C9C6lEEhDOAswfw=="],

    "localforage": ["localforage@1.10.0", "", { "dependencies": { "lie": "3.1.1" } }, "sha512-14/H1aX7hzBBmmh7sGPd+AOMkkIrHM3Z1PAyGgZigA1H1p5O5ANnMyWzvpAETtG68/dC4pC0ncy3+PPGzXZHPg=="],

    "nanoid": ["nanoid@3.3.11", "", { "bin": { "nanoid": "bin/nanoid.cjs" } }, "sha512-N8SpfPUnUp1bK+PMYW8qSWdl9U+wwNWI4QKxOYDy9JAro3WMX7p2OeVRF9v+347pnakNevPmiHhNmZ2HbFA76w=="],

    "path-browserify": ["path-browserify@1.0.1", "", {}, "sha512-b7uo2UCUOYZcnF/3ID0lulOJi/bafxa1xPe7ZPsammBSpjSWQkjNxlt635YGS2MiR9GjvuXCtz2emr3jbsz98g=="],

    "picocolors": ["picocolors@1.1.1", "", {}, "sha512-xceH2snhtb5M9liqDsmEw56le376mTZkEX/jEb/RxNFyegNul7eNslCXP9FDj/Lcu0X8KEyMceP2ntpaHrDEVA=="],

    "picomatch": ["picomatch@4.0.2", "", {}, "sha512-M7BAV6Rlcy5u+m6oPhAPFgJTzAioX/6B0DxyvDlo9l8+T3nLKbrczg2WLUyzd45L8RqfUMyGPzekbMvX2Ldkwg=="],

    "postcss": ["postcss@8.5.4", "", { "dependencies": { "nanoid": "^3.3.11", "picocolors": "^1.1.1", "source-map-js": "^1.2.1" } }, "sha512-QSa9EBe+uwlGTFmHsPKokv3B/oEMQZxfqW0QqNCyhpa6mB1afzulwn8hihglqAb2pOw+BJgNlmXQ8la2VeHB7w=="],

    "printable-shell-command": ["printable-shell-command@0.1.0-pre3", "", { "optionalDependencies": { "@types/bun": "^1.2.11", "@types/node": "^22.15.3" } }, "sha512-8/fSZ3piSi3o5gjJjbb7lK1hIz0lxMkWKpKl4nus3AUzS0bzosL48xTEtshy9TCMofw5GhT1dfCQNbY0bRwrng=="],

    "rollup": ["rollup@4.41.1", "", { "dependencies": { "@types/estree": "1.0.7" }, "optionalDependencies": { "@rollup/rollup-android-arm-eabi": "4.41.1", "@rollup/rollup-android-arm64": "4.41.1", "@rollup/rollup-darwin-arm64": "4.41.1", "@rollup/rollup-darwin-x64": "4.41.1", "@rollup/rollup-freebsd-arm64": "4.41.1", "@rollup/rollup-freebsd-x64": "4.41.1", "@rollup/rollup-linux-arm-gnueabihf": "4.41.1", "@rollup/rollup-linux-arm-musleabihf": "4.41.1", "@rollup/rollup-linux-arm64-gnu": "4.41.1", "@rollup/rollup-linux-arm64-musl": "4.41.1", "@rollup/rollup-linux-loongarch64-gnu": "4.41.1", "@rollup/rollup-linux-powerpc64le-gnu": "4.41.1", "@rollup/rollup-linux-riscv64-gnu": "4.41.1", "@rollup/rollup-linux-riscv64-musl": "4.41.1", "@rollup/rollup-linux-s390x-gnu": "4.41.1", "@rollup/rollup-linux-x64-gnu": "4.41.1", "@rollup/rollup-linux-x64-musl": "4.41.1", "@rollup/rollup-win32-arm64-msvc": "4.41.1", "@rollup/rollup-win32-ia32-msvc": "4.41.1", "@rollup/rollup-win32-x64-msvc": "4.41.1", "fsevents": "~2.3.2" }, "bin": { "rollup": "dist/bin/rollup" } }, "sha512-cPmwD3FnFv8rKMBc1MxWCwVQFxwf1JEmSX3iQXrRVVG15zerAIXRjMFVWnd5Q5QvgKF7Aj+5ykXFhUl+QGnyOw=="],

    "sax": ["sax@1.2.1", "", {}, "sha512-8I2a3LovHTOpm7NV5yOyO8IHqgVsfK4+UuySrXU8YXkSRX7k6hCV9b3HrkKCr3nMpgj+0bmocaJJWpvp1oc7ZA=="],

    "source-map-js": ["source-map-js@1.2.1", "", {}, "sha512-UXWMKhLOwVKb728IUtQPXxfYU+usdybtUrK/8uGE8CQMvrhOpwvzDBwj0QhSL7MQc7vIsISBG8VQ8+IDQxpfQA=="],

    "tinyglobby": ["tinyglobby@0.2.14", "", { "dependencies": { "fdir": "^6.4.4", "picomatch": "^4.0.2" } }, "sha512-tX5e7OM1HnYr2+a2C/4V0htOcSQcoSTH9KgJnVvNm5zm/cyEWKJ7j7YutsH9CxMdtOkkLFy2AHrMci9IM8IPZQ=="],

    "typescript": ["typescript@5.8.3", "", { "bin": { "tsc": "bin/tsc", "tsserver": "bin/tsserver" } }, "sha512-p1diW6TqL9L07nNxvRMM7hMMw4c5XOo/1ibL4aAIGmSAt9slTE1Xgw5KWuof2uTOvCg9BY7ZRi+GaF+7sfgPeQ=="],

    "ua-parser-js": ["ua-parser-js@1.0.40", "", { "bin": { "ua-parser-js": "script/cli.js" } }, "sha512-z6PJ8Lml+v3ichVojCiB8toQJBuwR42ySM4ezjXIqXK3M0HczmKQ3LF4rhU55PfD99KEEXQG6yb7iOMyvYuHew=="],

    "undici-types": ["undici-types@6.21.0", "", {}, "sha512-iwDZqg0QAGrg9Rav5H4n0M64c3mkR59cJ6wQp+7C4nI0gsmExaedaYLNO44eT4AtBBwjbTiGPMlt2Md0T9H9JQ=="],

    "vite": ["vite@6.3.5", "", { "dependencies": { "esbuild": "^0.25.0", "fdir": "^6.4.4", "picomatch": "^4.0.2", "postcss": "^8.5.3", "rollup": "^4.34.9", "tinyglobby": "^0.2.13" }, "optionalDependencies": { "fsevents": "~2.3.3" }, "peerDependencies": { "@types/node": "^18.0.0 || ^20.0.0 || >=22.0.0", "jiti": ">=1.21.0", "less": "*", "lightningcss": "^1.21.0", "sass": "*", "sass-embedded": "*", "stylus": "*", "sugarss": "*", "terser": "^5.16.0", "tsx": "^4.8.1", "yaml": "^2.4.2" }, "optionalPeers": ["@types/node", "jiti", "less", "lightningcss", "sass", "sass-embedded", "stylus", "sugarss", "terser", "tsx", "yaml"], "bin": { "vite": "bin/vite.js" } }, "sha512-cZn6NDFE7wdTpINgs++ZJ4N49W2vRp8LCKrn3Ob1kYNtOo21vfDoaV5GzBfLU4MovSAB8uNRm4jgzVQZ+mBzPQ=="],
  }
}
